
Microsoft Visual Studio Solution File, Format Version 12.00
# Visual Studio Version 17
VisualStudioVersion = 17.7.34024.191
MinimumVisualStudioVersion = 10.0.40219.1
Project("{FAE04EC0-301F-11D3-BF4B-00C04F79EFBC}") = "lab3", "lab3\lab3.csproj", "{3D92B216-7025-4E00-98BE-B6CCCD14CFD3}"
EndProject
Global
	GlobalSection(SolutionConfigurationPlatforms) = preSolution
		Debug|Any CPU = Debug|Any CPU
		Release|Any CPU = Release|Any CPU
	EndGlobalSection
	GlobalSection(ProjectConfigurationPlatforms) = postSolution
		{3D92B216-7025-4E00-98BE-B6CCCD14CFD3}.Debug|Any CPU.ActiveCfg = Debug|Any CPU
		{3D92B216-7025-4E00-98BE-B6CCCD14CFD3}.Debug|Any CPU.Build.0 = Debug|Any CPU
		{3D92B216-7025-4E00-98BE-B6CCCD14CFD3}.Release|Any CPU.ActiveCfg = Release|Any CPU
		{3D92B216-7025-4E00-98BE-B6CCCD14CFD3}.Release|Any CPU.Build.0 = Release|Any CPU
	EndGlobalSection
	GlobalSection(SolutionProperties) = preSolution
		HideSolutionNode = FALSE
	EndGlobalSection
	GlobalSection(ExtensibilityGlobals) = postSolution
		SolutionGuid = {FE5A88CA-2587-4C41-926E-0AE17D44DF2D}
	EndGlobalSection
EndGlobal
